
Microsoft Visual Studio Solution File, Format Version 12.00
# Visual Studio 15
VisualStudioVersion = 15.0.27004.2005
MinimumVisualStudioVersion = 10.0.40219.1
Project("{FAE04EC0-301F-11D3-BF4B-00C04F79EFBC}") = "TcpChatServerAA", "TcpChatServerAA\TcpChatServerAA.csproj", "{B7FB0875-70AF-4E74-8EB4-5E3BD7FB969A}"
EndProject
Global
	GlobalSection(SolutionConfigurationPlatforms) = preSolution
		Debug|Any CPU = Debug|Any CPU
		Release|Any CPU = Release|Any CPU
	EndGlobalSection
	GlobalSection(ProjectConfigurationPlatforms) = postSolution
		{B7FB0875-70AF-4E74-8EB4-5E3BD7FB969A}.Debug|Any CPU.ActiveCfg = Debug|Any CPU
		{B7FB0875-70AF-4E74-8EB4-5E3BD7FB969A}.Debug|Any CPU.Build.0 = Debug|Any CPU
		{B7FB0875-70AF-4E74-8EB4-5E3BD7FB969A}.Release|Any CPU.ActiveCfg = Release|Any CPU
		{B7FB0875-70AF-4E74-8EB4-5E3BD7FB969A}.Release|Any CPU.Build.0 = Release|Any CPU
	EndGlobalSection
	GlobalSection(SolutionProperties) = preSolution
		HideSolutionNode = FALSE
	EndGlobalSection
	GlobalSection(ExtensibilityGlobals) = postSolution
		SolutionGuid = {0337DE14-1CF3-4586-BF85-0E54DA61C32B}
	EndGlobalSection
EndGlobal
